
Microsoft Visual Studio Solution File, Format Version 12.00
# Visual Studio Version 16
VisualStudioVersion = 16.0.30717.126
MinimumVisualStudioVersion = 10.0.40219.1
Project("{FAE04EC0-301F-11D3-BF4B-00C04F79EFBC}") = "GameSystem", "GameSystem\GameSystem.csproj", "{6B82DDEE-AF52-4533-8784-2FD2F0B9EEAD}"
EndProject
Global
	GlobalSection(SolutionConfigurationPlatforms) = preSolution
		Debug|Any CPU = Debug|Any CPU
		Release|Any CPU = Release|Any CPU
	EndGlobalSection
	GlobalSection(ProjectConfigurationPlatforms) = postSolution
		{6B82DDEE-AF52-4533-8784-2FD2F0B9EEAD}.Debug|Any CPU.ActiveCfg = Debug|Any CPU
		{6B82DDEE-AF52-4533-8784-2FD2F0B9EEAD}.Debug|Any CPU.Build.0 = Debug|Any CPU
		{6B82DDEE-AF52-4533-8784-2FD2F0B9EEAD}.Release|Any CPU.ActiveCfg = Release|Any CPU
		{6B82DDEE-AF52-4533-8784-2FD2F0B9EEAD}.Release|Any CPU.Build.0 = Release|Any CPU
	EndGlobalSection
	GlobalSection(SolutionProperties) = preSolution
		HideSolutionNode = FALSE
	EndGlobalSection
	GlobalSection(ExtensibilityGlobals) = postSolution
		SolutionGuid = {B00B3EEB-A722-4765-A31A-DDD387526489}
	EndGlobalSection
EndGlobal
